
Microsoft Visual Studio Solution File, Format Version 12.00
# Visual Studio Version 16
VisualStudioVersion = 16.0.29613.14
MinimumVisualStudioVersion = 10.0.40219.1
Project("{FAE04EC0-301F-11D3-BF4B-00C04F79EFBC}") = "TagHelperDemo", "TagHelperDemo\TagHelperDemo.csproj", "{700D6326-A9E9-46A6-8D71-280BD9596836}"
EndProject
Global
	GlobalSection(SolutionConfigurationPlatforms) = preSolution
		Debug|Any CPU = Debug|Any CPU
		Release|Any CPU = Release|Any CPU
	EndGlobalSection
	GlobalSection(ProjectConfigurationPlatforms) = postSolution
		{700D6326-A9E9-46A6-8D71-280BD9596836}.Debug|Any CPU.ActiveCfg = Debug|Any CPU
		{700D6326-A9E9-46A6-8D71-280BD9596836}.Debug|Any CPU.Build.0 = Debug|Any CPU
		{700D6326-A9E9-46A6-8D71-280BD9596836}.Release|Any CPU.ActiveCfg = Release|Any CPU
		{700D6326-A9E9-46A6-8D71-280BD9596836}.Release|Any CPU.Build.0 = Release|Any CPU
	EndGlobalSection
	GlobalSection(SolutionProperties) = preSolution
		HideSolutionNode = FALSE
	EndGlobalSection
	GlobalSection(ExtensibilityGlobals) = postSolution
		SolutionGuid = {31B07B5C-5200-4A5F-BA32-4D8617E040FC}
	EndGlobalSection
EndGlobal
